
Microsoft Visual Studio Solution File, Format Version 12.00
# Visual Studio 2013
VisualStudioVersion = 12.0.21005.1
MinimumVisualStudioVersion = 10.0.40219.1
Project("{FAE04EC0-301F-11D3-BF4B-00C04F79EFBC}") = "Toolkit", "Toolkit\Toolkit.csproj", "{1028A395-76C1-4154-B30C-F26BB330B448}"
EndProject
Project("{FAE04EC0-301F-11D3-BF4B-00C04F79EFBC}") = "Toolkit.Windows", "Toolkit.Windows\Toolkit.Windows.csproj", "{68FA1B04-643E-413D-8B50-56906C93511C}"
EndProject
Project("{FAE04EC0-301F-11D3-BF4B-00C04F79EFBC}") = "Toolkit.Drives", "Toolkit.Drives\Toolkit.Drives.csproj", "{5A11C1AE-BF68-4284-9890-28E4634A2871}"
EndProject
Global
	GlobalSection(SolutionConfigurationPlatforms) = preSolution
		Debug|Any CPU = Debug|Any CPU
		Release|Any CPU = Release|Any CPU
	EndGlobalSection
	GlobalSection(ProjectConfigurationPlatforms) = postSolution
		{1028A395-76C1-4154-B30C-F26BB330B448}.Debug|Any CPU.ActiveCfg = Debug|Any CPU
		{1028A395-76C1-4154-B30C-F26BB330B448}.Debug|Any CPU.Build.0 = Debug|Any CPU
		{1028A395-76C1-4154-B30C-F26BB330B448}.Release|Any CPU.ActiveCfg = Release|Any CPU
		{1028A395-76C1-4154-B30C-F26BB330B448}.Release|Any CPU.Build.0 = Release|Any CPU
		{68FA1B04-643E-413D-8B50-56906C93511C}.Debug|Any CPU.ActiveCfg = Debug|Any CPU
		{68FA1B04-643E-413D-8B50-56906C93511C}.Debug|Any CPU.Build.0 = Debug|Any CPU
		{68FA1B04-643E-413D-8B50-56906C93511C}.Release|Any CPU.ActiveCfg = Release|Any CPU
		{68FA1B04-643E-413D-8B50-56906C93511C}.Release|Any CPU.Build.0 = Release|Any CPU
		{5A11C1AE-BF68-4284-9890-28E4634A2871}.Debug|Any CPU.ActiveCfg = Debug|Any CPU
		{5A11C1AE-BF68-4284-9890-28E4634A2871}.Debug|Any CPU.Build.0 = Debug|Any CPU
		{5A11C1AE-BF68-4284-9890-28E4634A2871}.Release|Any CPU.ActiveCfg = Release|Any CPU
		{5A11C1AE-BF68-4284-9890-28E4634A2871}.Release|Any CPU.Build.0 = Release|Any CPU
	EndGlobalSection
	GlobalSection(SolutionProperties) = preSolution
		HideSolutionNode = FALSE
	EndGlobalSection
EndGlobal
